// !$*UTF8*$!
{
	archiveVersion = 1;
	classes = {
	};
	objectVersion = 56;
	objects = {

/* Begin PBXBuildFile section */
		95414EE42C3478B700479FB5 /* NodeLightningChallengeApp.swift in Sources */ = {isa = PBXBuildFile; fileRef = 95414EE32C3478B700479FB5 /* NodeLightningChallengeApp.swift */; };
		95414EE62C3478B700479FB5 /* RankedContentView.swift in Sources */ = {isa = PBXBuildFile; fileRef = 95414EE52C3478B700479FB5 /* RankedContentView.swift */; };
		95414EE82C3478B900479FB5 /* Assets.xcassets in Resources */ = {isa = PBXBuildFile; fileRef = 95414EE72C3478B900479FB5 /* Assets.xcassets */; };
		95414EEB2C3478B900479FB5 /* Preview Assets.xcassets in Resources */ = {isa = PBXBuildFile; fileRef = 95414EEA2C3478B900479FB5 /* Preview Assets.xcassets */; };
		95414EF92C34E63600479FB5 /* NetworkManager.swift in Sources */ = {isa = PBXBuildFile; fileRef = 95414EF82C34E63600479FB5 /* NetworkManager.swift */; };
		95414EFB2C356C1500479FB5 /* RawNode.swift in Sources */ = {isa = PBXBuildFile; fileRef = 95414EFA2C356C1500479FB5 /* RawNode.swift */; };
		95C3134B2C35887400BE0E2A /* LoadingView.swift in Sources */ = {isa = PBXBuildFile; fileRef = 95C3134A2C35887400BE0E2A /* LoadingView.swift */; };
		95C3134D2C3592B800BE0E2A /* MPErrorThrownTest.swift in Sources */ = {isa = PBXBuildFile; fileRef = 95C3134C2C3592B800BE0E2A /* MPErrorThrownTest.swift */; };
		95C3134F2C35963400BE0E2A /* RawNodeTest.swift in Sources */ = {isa = PBXBuildFile; fileRef = 95C3134E2C35963400BE0E2A /* RawNodeTest.swift */; };
		95C313522C359F5200BE0E2A /* MPError.swift in Sources */ = {isa = PBXBuildFile; fileRef = 95C313512C359F5200BE0E2A /* MPError.swift */; };
		95C313542C359F8A00BE0E2A /* AlertItem.swift in Sources */ = {isa = PBXBuildFile; fileRef = 95C313532C359F8A00BE0E2A /* AlertItem.swift */; };
		95C313562C35C9EA00BE0E2A /* NodeCardView.swift in Sources */ = {isa = PBXBuildFile; fileRef = 95C313552C35C9EA00BE0E2A /* NodeCardView.swift */; };
		95D3385E2C357252008DB6D3 /* RankedConnectivityNodesView.swift in Sources */ = {isa = PBXBuildFile; fileRef = 95D3385D2C357252008DB6D3 /* RankedConnectivityNodesView.swift */; };
		95D338602C357362008DB6D3 /* RankedConnectivityNodesViewModel.swift in Sources */ = {isa = PBXBuildFile; fileRef = 95D3385F2C357362008DB6D3 /* RankedConnectivityNodesViewModel.swift */; };
		95D338622C357EF5008DB6D3 /* NodeModel.swift in Sources */ = {isa = PBXBuildFile; fileRef = 95D338612C357EF5008DB6D3 /* NodeModel.swift */; };
		95D338722C3581E3008DB6D3 /* NodeModelTests.swift in Sources */ = {isa = PBXBuildFile; fileRef = 95D338702C3581E0008DB6D3 /* NodeModelTests.swift */; };
/* End PBXBuildFile section */

/* Begin PBXContainerItemProxy section */
		95D3386B2C3581C7008DB6D3 /* PBXContainerItemProxy */ = {
			isa = PBXContainerItemProxy;
			containerPortal = 95414ED82C3478B700479FB5 /* Project object */;
			proxyType = 1;
			remoteGlobalIDString = 95414EDF2C3478B700479FB5;
			remoteInfo = NodeLightningChallenge;
		};
/* End PBXContainerItemProxy section */

/* Begin PBXFileReference section */
		95414EE02C3478B700479FB5 /* NodeLightningChallenge.app */ = {isa = PBXFileReference; explicitFileType = wrapper.application; includeInIndex = 0; path = NodeLightningChallenge.app; sourceTree = BUILT_PRODUCTS_DIR; };
		95414EE32C3478B700479FB5 /* NodeLightningChallengeApp.swift */ = {isa = PBXFileReference; lastKnownFileType = sourcecode.swift; path = NodeLightningChallengeApp.swift; sourceTree = "<group>"; };
		95414EE52C3478B700479FB5 /* RankedContentView.swift */ = {isa = PBXFileReference; lastKnownFileType = sourcecode.swift; path = RankedContentView.swift; sourceTree = "<group>"; };
		95414EE72C3478B900479FB5 /* Assets.xcassets */ = {isa = PBXFileReference; lastKnownFileType = folder.assetcatalog; path = Assets.xcassets; sourceTree = "<group>"; };
		95414EEA2C3478B900479FB5 /* Preview Assets.xcassets */ = {isa = PBXFileReference; lastKnownFileType = folder.assetcatalog; path = "Preview Assets.xcassets"; sourceTree = "<group>"; };
		95414EF82C34E63600479FB5 /* NetworkManager.swift */ = {isa = PBXFileReference; lastKnownFileType = sourcecode.swift; path = NetworkManager.swift; sourceTree = "<group>"; };
		95414EFA2C356C1500479FB5 /* RawNode.swift */ = {isa = PBXFileReference; lastKnownFileType = sourcecode.swift; path = RawNode.swift; sourceTree = "<group>"; };
		95C3134A2C35887400BE0E2A /* LoadingView.swift */ = {isa = PBXFileReference; lastKnownFileType = sourcecode.swift; path = LoadingView.swift; sourceTree = "<group>"; };
		95C3134C2C3592B800BE0E2A /* MPErrorThrownTest.swift */ = {isa = PBXFileReference; lastKnownFileType = sourcecode.swift; path = MPErrorThrownTest.swift; sourceTree = "<group>"; };
		95C3134E2C35963400BE0E2A /* RawNodeTest.swift */ = {isa = PBXFileReference; lastKnownFileType = sourcecode.swift; path = RawNodeTest.swift; sourceTree = "<group>"; };
		95C313512C359F5200BE0E2A /* MPError.swift */ = {isa = PBXFileReference; lastKnownFileType = sourcecode.swift; path = MPError.swift; sourceTree = "<group>"; };
		95C313532C359F8A00BE0E2A /* AlertItem.swift */ = {isa = PBXFileReference; lastKnownFileType = sourcecode.swift; path = AlertItem.swift; sourceTree = "<group>"; };
		95C313552C35C9EA00BE0E2A /* NodeCardView.swift */ = {isa = PBXFileReference; lastKnownFileType = sourcecode.swift; path = NodeCardView.swift; sourceTree = "<group>"; };
		95D3385D2C357252008DB6D3 /* RankedConnectivityNodesView.swift */ = {isa = PBXFileReference; lastKnownFileType = sourcecode.swift; path = RankedConnectivityNodesView.swift; sourceTree = "<group>"; };
		95D3385F2C357362008DB6D3 /* RankedConnectivityNodesViewModel.swift */ = {isa = PBXFileReference; lastKnownFileType = sourcecode.swift; path = RankedConnectivityNodesViewModel.swift; sourceTree = "<group>"; };
		95D338612C357EF5008DB6D3 /* NodeModel.swift */ = {isa = PBXFileReference; lastKnownFileType = sourcecode.swift; path = NodeModel.swift; sourceTree = "<group>"; };
		95D338672C3581C7008DB6D3 /* NodeLightningChallengeTests.xctest */ = {isa = PBXFileReference; explicitFileType = wrapper.cfbundle; includeInIndex = 0; path = NodeLightningChallengeTests.xctest; sourceTree = BUILT_PRODUCTS_DIR; };
		95D338702C3581E0008DB6D3 /* NodeModelTests.swift */ = {isa = PBXFileReference; lastKnownFileType = sourcecode.swift; path = NodeModelTests.swift; sourceTree = "<group>"; };
/* End PBXFileReference section */

/* Begin PBXFrameworksBuildPhase section */
		95414EDD2C3478B700479FB5 /* Frameworks */ = {
			isa = PBXFrameworksBuildPhase;
			buildActionMask = 2147483647;
			files = (
			);
			runOnlyForDeploymentPostprocessing = 0;
		};
		95D338642C3581C7008DB6D3 /* Frameworks */ = {
			isa = PBXFrameworksBuildPhase;
			buildActionMask = 2147483647;
			files = (
			);
			runOnlyForDeploymentPostprocessing = 0;
		};
/* End PBXFrameworksBuildPhase section */

/* Begin PBXGroup section */
		95414ED72C3478B700479FB5 = {
			isa = PBXGroup;
			children = (
				95414EE22C3478B700479FB5 /* NodeLightningChallenge */,
				95D338682C3581C7008DB6D3 /* NodeLightningChallengeTests */,
				95414EE12C3478B700479FB5 /* Products */,
			);
			sourceTree = "<group>";
		};
		95414EE12C3478B700479FB5 /* Products */ = {
			isa = PBXGroup;
			children = (
				95414EE02C3478B700479FB5 /* NodeLightningChallenge.app */,
				95D338672C3581C7008DB6D3 /* NodeLightningChallengeTests.xctest */,
			);
			name = Products;
			sourceTree = "<group>";
		};
		95414EE22C3478B700479FB5 /* NodeLightningChallenge */ = {
			isa = PBXGroup;
			children = (
				95C313502C359F4300BE0E2A /* Errors */,
				95D3385C2C357212008DB6D3 /* Views */,
				95414EF72C34E5E700479FB5 /* Managers */,
				95414EF42C34E4E400479FB5 /* Model */,
				95414EE32C3478B700479FB5 /* NodeLightningChallengeApp.swift */,
				95414EE52C3478B700479FB5 /* RankedContentView.swift */,
				95414EE72C3478B900479FB5 /* Assets.xcassets */,
				95414EE92C3478B900479FB5 /* Preview Content */,
			);
			path = NodeLightningChallenge;
			sourceTree = "<group>";
		};
		95414EE92C3478B900479FB5 /* Preview Content */ = {
			isa = PBXGroup;
			children = (
				95414EEA2C3478B900479FB5 /* Preview Assets.xcassets */,
			);
			path = "Preview Content";
			sourceTree = "<group>";
		};
		95414EF42C34E4E400479FB5 /* Model */ = {
			isa = PBXGroup;
			children = (
				95414EFA2C356C1500479FB5 /* RawNode.swift */,
				95D338612C357EF5008DB6D3 /* NodeModel.swift */,
			);
			path = Model;
			sourceTree = "<group>";
		};
		95414EF72C34E5E700479FB5 /* Managers */ = {
			isa = PBXGroup;
			children = (
				95414EF82C34E63600479FB5 /* NetworkManager.swift */,
			);
			path = Managers;
			sourceTree = "<group>";
		};
		95C313482C35884E00BE0E2A /* LoadingView */ = {
			isa = PBXGroup;
			children = (
				95C3134A2C35887400BE0E2A /* LoadingView.swift */,
			);
			path = LoadingView;
			sourceTree = "<group>";
		};
		95C313492C35885500BE0E2A /* RankedConnectivityNodesView */ = {
			isa = PBXGroup;
			children = (
				95D3385D2C357252008DB6D3 /* RankedConnectivityNodesView.swift */,
				95D3385F2C357362008DB6D3 /* RankedConnectivityNodesViewModel.swift */,
				95C313552C35C9EA00BE0E2A /* NodeCardView.swift */,
			);
			path = RankedConnectivityNodesView;
			sourceTree = "<group>";
		};
		95C313502C359F4300BE0E2A /* Errors */ = {
			isa = PBXGroup;
			children = (
				95C313512C359F5200BE0E2A /* MPError.swift */,
				95C313532C359F8A00BE0E2A /* AlertItem.swift */,
			);
			path = Errors;
			sourceTree = "<group>";
		};
		95D3385C2C357212008DB6D3 /* Views */ = {
			isa = PBXGroup;
			children = (
				95C313492C35885500BE0E2A /* RankedConnectivityNodesView */,
				95C313482C35884E00BE0E2A /* LoadingView */,
			);
			path = Views;
			sourceTree = "<group>";
		};
		95D338682C3581C7008DB6D3 /* NodeLightningChallengeTests */ = {
			isa = PBXGroup;
			children = (
				95D338702C3581E0008DB6D3 /* NodeModelTests.swift */,
				95C3134C2C3592B800BE0E2A /* MPErrorThrownTest.swift */,
				95C3134E2C35963400BE0E2A /* RawNodeTest.swift */,
			);
			path = NodeLightningChallengeTests;
			sourceTree = "<group>";
		};
/* End PBXGroup section */

/* Begin PBXNativeTarget section */
		95414EDF2C3478B700479FB5 /* NodeLightningChallenge */ = {
			isa = PBXNativeTarget;
			buildConfigurationList = 95414EEE2C3478B900479FB5 /* Build configuration list for PBXNativeTarget "NodeLightningChallenge" */;
			buildPhases = (
				95414EDC2C3478B700479FB5 /* Sources */,
				95414EDD2C3478B700479FB5 /* Frameworks */,
				95414EDE2C3478B700479FB5 /* Resources */,
			);
			buildRules = (
			);
			dependencies = (
			);
			name = NodeLightningChallenge;
			productName = NodeLightningChallenge;
			productReference = 95414EE02C3478B700479FB5 /* NodeLightningChallenge.app */;
			productType = "com.apple.product-type.application";
		};
		95D338662C3581C7008DB6D3 /* NodeLightningChallengeTests */ = {
			isa = PBXNativeTarget;
			buildConfigurationList = 95D3386D2C3581C7008DB6D3 /* Build configuration list for PBXNativeTarget "NodeLightningChallengeTests" */;
			buildPhases = (
				95D338632C3581C7008DB6D3 /* Sources */,
				95D338642C3581C7008DB6D3 /* Frameworks */,
				95D338652C3581C7008DB6D3 /* Resources */,
			);
			buildRules = (
			);
			dependencies = (
				95D3386C2C3581C7008DB6D3 /* PBXTargetDependency */,
			);
			name = NodeLightningChallengeTests;
			productName = NodeLightningChallengeTests;
			productReference = 95D338672C3581C7008DB6D3 /* NodeLightningChallengeTests.xctest */;
			productType = "com.apple.product-type.bundle.unit-test";
		};
/* End PBXNativeTarget section */

/* Begin PBXProject section */
		95414ED82C3478B700479FB5 /* Project object */ = {
			isa = PBXProject;
			attributes = {
				BuildIndependentTargetsInParallel = 1;
				LastSwiftUpdateCheck = 1540;
				LastUpgradeCheck = 1540;
				TargetAttributes = {
					95414EDF2C3478B700479FB5 = {
						CreatedOnToolsVersion = 15.4;
					};
					95D338662C3581C7008DB6D3 = {
						CreatedOnToolsVersion = 15.4;
						TestTargetID = 95414EDF2C3478B700479FB5;
					};
				};
			};
			buildConfigurationList = 95414EDB2C3478B700479FB5 /* Build configuration list for PBXProject "NodeLightningChallenge" */;
			compatibilityVersion = "Xcode 14.0";
			developmentRegion = en;
			hasScannedForEncodings = 0;
			knownRegions = (
				en,
				Base,
			);
			mainGroup = 95414ED72C3478B700479FB5;
			productRefGroup = 95414EE12C3478B700479FB5 /* Products */;
			projectDirPath = "";
			projectRoot = "";
			targets = (
				95414EDF2C3478B700479FB5 /* NodeLightningChallenge */,
				95D338662C3581C7008DB6D3 /* NodeLightningChallengeTests */,
			);
		};
/* End PBXProject section */

/* Begin PBXResourcesBuildPhase section */
		95414EDE2C3478B700479FB5 /* Resources */ = {
			isa = PBXResourcesBuildPhase;
			buildActionMask = 2147483647;
			files = (
				95414EEB2C3478B900479FB5 /* Preview Assets.xcassets in Resources */,
				95414EE82C3478B900479FB5 /* Assets.xcassets in Resources */,
			);
			runOnlyForDeploymentPostprocessing = 0;
		};
		95D338652C3581C7008DB6D3 /* Resources */ = {
			isa = PBXResourcesBuildPhase;
			buildActionMask = 2147483647;
			files = (
			);
			runOnlyForDeploymentPostprocessing = 0;
		};
/* End PBXResourcesBuildPhase section */

/* Begin PBXSourcesBuildPhase section */
		95414EDC2C3478B700479FB5 /* Sources */ = {
			isa = PBXSourcesBuildPhase;
			buildActionMask = 2147483647;
			files = (
				95D3385E2C357252008DB6D3 /* RankedConnectivityNodesView.swift in Sources */,
				95414EFB2C356C1500479FB5 /* RawNode.swift in Sources */,
				95414EF92C34E63600479FB5 /* NetworkManager.swift in Sources */,
				95C313542C359F8A00BE0E2A /* AlertItem.swift in Sources */,
				95C313562C35C9EA00BE0E2A /* NodeCardView.swift in Sources */,
				95C313522C359F5200BE0E2A /* MPError.swift in Sources */,
				95414EE62C3478B700479FB5 /* RankedContentView.swift in Sources */,
				95D338622C357EF5008DB6D3 /* NodeModel.swift in Sources */,
				95C3134B2C35887400BE0E2A /* LoadingView.swift in Sources */,
				95414EE42C3478B700479FB5 /* NodeLightningChallengeApp.swift in Sources */,
				95D338602C357362008DB6D3 /* RankedConnectivityNodesViewModel.swift in Sources */,
			);
			runOnlyForDeploymentPostprocessing = 0;
		};
		95D338632C3581C7008DB6D3 /* Sources */ = {
			isa = PBXSourcesBuildPhase;
			buildActionMask = 2147483647;
			files = (
				95C3134F2C35963400BE0E2A /* RawNodeTest.swift in Sources */,
				95C3134D2C3592B800BE0E2A /* MPErrorThrownTest.swift in Sources */,
				95D338722C3581E3008DB6D3 /* NodeModelTests.swift in Sources */,
			);
			runOnlyForDeploymentPostprocessing = 0;
		};
/* End PBXSourcesBuildPhase section */

/* Begin PBXTargetDependency section */
		95D3386C2C3581C7008DB6D3 /* PBXTargetDependency */ = {
			isa = PBXTargetDependency;
			target = 95414EDF2C3478B700479FB5 /* NodeLightningChallenge */;
			targetProxy = 95D3386B2C3581C7008DB6D3 /* PBXContainerItemProxy */;
		};
/* End PBXTargetDependency section */

/* Begin XCBuildConfiguration section */
		95414EEC2C3478B900479FB5 /* Debug */ = {
			isa = XCBuildConfiguration;
			buildSettings = {
				ALWAYS_SEARCH_USER_PATHS = NO;
				ASSETCATALOG_COMPILER_GENERATE_SWIFT_ASSET_SYMBOL_EXTENSIONS = YES;
				CLANG_ANALYZER_NONNULL = YES;
				CLANG_ANALYZER_NUMBER_OBJECT_CONVERSION = YES_AGGRESSIVE;
				CLANG_CXX_LANGUAGE_STANDARD = "gnu++20";
				CLANG_ENABLE_MODULES = YES;
				CLANG_ENABLE_OBJC_ARC = YES;
				CLANG_ENABLE_OBJC_WEAK = YES;
				CLANG_WARN_BLOCK_CAPTURE_AUTORELEASING = YES;
				CLANG_WARN_BOOL_CONVERSION = YES;
				CLANG_WARN_COMMA = YES;
				CLANG_WARN_CONSTANT_CONVERSION = YES;
				CLANG_WARN_DEPRECATED_OBJC_IMPLEMENTATIONS = YES;
				CLANG_WARN_DIRECT_OBJC_ISA_USAGE = YES_ERROR;
				CLANG_WARN_DOCUMENTATION_COMMENTS = YES;
				CLANG_WARN_EMPTY_BODY = YES;
				CLANG_WARN_ENUM_CONVERSION = YES;
				CLANG_WARN_INFINITE_RECURSION = YES;
				CLANG_WARN_INT_CONVERSION = YES;
				CLANG_WARN_NON_LITERAL_NULL_CONVERSION = YES;
				CLANG_WARN_OBJC_IMPLICIT_RETAIN_SELF = YES;
				CLANG_WARN_OBJC_LITERAL_CONVERSION = YES;
				CLANG_WARN_OBJC_ROOT_CLASS = YES_ERROR;
				CLANG_WARN_QUOTED_INCLUDE_IN_FRAMEWORK_HEADER = YES;
				CLANG_WARN_RANGE_LOOP_ANALYSIS = YES;
				CLANG_WARN_STRICT_PROTOTYPES = YES;
				CLANG_WARN_SUSPICIOUS_MOVE = YES;
				CLANG_WARN_UNGUARDED_AVAILABILITY = YES_AGGRESSIVE;
				CLANG_WARN_UNREACHABLE_CODE = YES;
				CLANG_WARN__DUPLICATE_METHOD_MATCH = YES;
				COPY_PHASE_STRIP = NO;
				DEBUG_INFORMATION_FORMAT = dwarf;
				ENABLE_STRICT_OBJC_MSGSEND = YES;
				ENABLE_TESTABILITY = YES;
				ENABLE_USER_SCRIPT_SANDBOXING = YES;
				GCC_C_LANGUAGE_STANDARD = gnu17;
				GCC_DYNAMIC_NO_PIC = NO;
				GCC_NO_COMMON_BLOCKS = YES;
				GCC_OPTIMIZATION_LEVEL = 0;
				GCC_PREPROCESSOR_DEFINITIONS = (
					"DEBUG=1",
					"$(inherited)",
				);
				GCC_WARN_64_TO_32_BIT_CONVERSION = YES;
				GCC_WARN_ABOUT_RETURN_TYPE = YES_ERROR;
				GCC_WARN_UNDECLARED_SELECTOR = YES;
				GCC_WARN_UNINITIALIZED_AUTOS = YES_AGGRESSIVE;
				GCC_WARN_UNUSED_FUNCTION = YES;
				GCC_WARN_UNUSED_VARIABLE = YES;
				IPHONEOS_DEPLOYMENT_TARGET = 17.5;
				LOCALIZATION_PREFERS_STRING_CATALOGS = YES;
				MTL_ENABLE_DEBUG_INFO = INCLUDE_SOURCE;
				MTL_FAST_MATH = YES;
				ONLY_ACTIVE_ARCH = YES;
				SDKROOT = iphoneos;
				SWIFT_ACTIVE_COMPILATION_CONDITIONS = "DEBUG $(inherited)";
				SWIFT_OPTIMIZATION_LEVEL = "-Onone";
			};
			name = Debug;
		};
		95414EED2C3478B900479FB5 /* Release */ = {
			isa = XCBuildConfiguration;
			buildSettings = {
				ALWAYS_SEARCH_USER_PATHS = NO;
				ASSETCATALOG_COMPILER_GENERATE_SWIFT_ASSET_SYMBOL_EXTENSIONS = YES;
				CLANG_ANALYZER_NONNULL = YES;
				CLANG_ANALYZER_NUMBER_OBJECT_CONVERSION = YES_AGGRESSIVE;
				CLANG_CXX_LANGUAGE_STANDARD = "gnu++20";
				CLANG_ENABLE_MODULES = YES;
				CLANG_ENABLE_OBJC_ARC = YES;
				CLANG_ENABLE_OBJC_WEAK = YES;
				CLANG_WARN_BLOCK_CAPTURE_AUTORELEASING = YES;
				CLANG_WARN_BOOL_CONVERSION = YES;
				CLANG_WARN_COMMA = YES;
				CLANG_WARN_CONSTANT_CONVERSION = YES;
				CLANG_WARN_DEPRECATED_OBJC_IMPLEMENTATIONS = YES;
				CLANG_WARN_DIRECT_OBJC_ISA_USAGE = YES_ERROR;
				CLANG_WARN_DOCUMENTATION_COMMENTS = YES;
				CLANG_WARN_EMPTY_BODY = YES;
				CLANG_WARN_ENUM_CONVERSION = YES;
				CLANG_WARN_INFINITE_RECURSION = YES;
				CLANG_WARN_INT_CONVERSION = YES;
				CLANG_WARN_NON_LITERAL_NULL_CONVERSION = YES;
				CLANG_WARN_OBJC_IMPLICIT_RETAIN_SELF = YES;
				CLANG_WARN_OBJC_LITERAL_CONVERSION = YES;
				CLANG_WARN_OBJC_ROOT_CLASS = YES_ERROR;
				CLANG_WARN_QUOTED_INCLUDE_IN_FRAMEWORK_HEADER = YES;
				CLANG_WARN_RANGE_LOOP_ANALYSIS = YES;
				CLANG_WARN_STRICT_PROTOTYPES = YES;
				CLANG_WARN_SUSPICIOUS_MOVE = YES;
				CLANG_WARN_UNGUARDED_AVAILABILITY = YES_AGGRESSIVE;
				CLANG_WARN_UNREACHABLE_CODE = YES;
				CLANG_WARN__DUPLICATE_METHOD_MATCH = YES;
				COPY_PHASE_STRIP = NO;
				DEBUG_INFORMATION_FORMAT = "dwarf-with-dsym";
				ENABLE_NS_ASSERTIONS = NO;
				ENABLE_STRICT_OBJC_MSGSEND = YES;
				ENABLE_USER_SCRIPT_SANDBOXING = YES;
				GCC_C_LANGUAGE_STANDARD = gnu17;
				GCC_NO_COMMON_BLOCKS = YES;
				GCC_WARN_64_TO_32_BIT_CONVERSION = YES;
				GCC_WARN_ABOUT_RETURN_TYPE = YES_ERROR;
				GCC_WARN_UNDECLARED_SELECTOR = YES;
				GCC_WARN_UNINITIALIZED_AUTOS = YES_AGGRESSIVE;
				GCC_WARN_UNUSED_FUNCTION = YES;
				GCC_WARN_UNUSED_VARIABLE = YES;
				IPHONEOS_DEPLOYMENT_TARGET = 17.5;
				LOCALIZATION_PREFERS_STRING_CATALOGS = YES;
				MTL_ENABLE_DEBUG_INFO = NO;
				MTL_FAST_MATH = YES;
				SDKROOT = iphoneos;
				SWIFT_COMPILATION_MODE = wholemodule;
				VALIDATE_PRODUCT = YES;
			};
			name = Release;
		};
		95414EEF2C3478B900479FB5 /* Debug */ = {
			isa = XCBuildConfiguration;
			buildSettings = {
				ASSETCATALOG_COMPILER_APPICON_NAME = AppIcon;
				ASSETCATALOG_COMPILER_GLOBAL_ACCENT_COLOR_NAME = AccentColor;
				CODE_SIGN_STYLE = Automatic;
				CURRENT_PROJECT_VERSION = 1;
				DEVELOPMENT_ASSET_PATHS = "\"NodeLightningChallenge/Preview Content\"";
				DEVELOPMENT_TEAM = U82ZBCXKJ2;
				ENABLE_PREVIEWS = YES;
				GENERATE_INFOPLIST_FILE = YES;
				INFOPLIST_KEY_CFBundleDisplayName = "Top 100 Conectivity Nodes";
				INFOPLIST_KEY_UIApplicationSceneManifest_Generation = YES;
				INFOPLIST_KEY_UIApplicationSupportsIndirectInputEvents = YES;
				INFOPLIST_KEY_UILaunchScreen_Generation = YES;
				INFOPLIST_KEY_UISupportedInterfaceOrientations_iPad = "UIInterfaceOrientationPortrait UIInterfaceOrientationPortraitUpsideDown UIInterfaceOrientationLandscapeLeft UIInterfaceOrientationLandscapeRight";
				INFOPLIST_KEY_UISupportedInterfaceOrientations_iPhone = "UIInterfaceOrientationPortrait UIInterfaceOrientationLandscapeLeft UIInterfaceOrientationLandscapeRight";
				IPHONEOS_DEPLOYMENT_TARGET = 16.0;
				LD_RUNPATH_SEARCH_PATHS = (
					"$(inherited)",
					"@executable_path/Frameworks",
				);
				MARKETING_VERSION = 1.0;
				PRODUCT_BUNDLE_IDENTIFIER = com.mpd.NodeLightningChallenge;
				PRODUCT_NAME = "$(TARGET_NAME)";
				SUPPORTED_PLATFORMS = "iphoneos iphonesimulator";
				SUPPORTS_MACCATALYST = NO;
				SUPPORTS_MAC_DESIGNED_FOR_IPHONE_IPAD = NO;
				SUPPORTS_XR_DESIGNED_FOR_IPHONE_IPAD = NO;
				SWIFT_EMIT_LOC_STRINGS = YES;
				SWIFT_VERSION = 5.0;
				TARGETED_DEVICE_FAMILY = 1;
			};
			name = Debug;
		};
		95414EF02C3478B900479FB5 /* Release */ = {
			isa = XCBuildConfiguration;
			buildSettings = {
				ASSETCATALOG_COMPILER_APPICON_NAME = AppIcon;
				ASSETCATALOG_COMPILER_GLOBAL_ACCENT_COLOR_NAME = AccentColor;
				CODE_SIGN_STYLE = Automatic;
				CURRENT_PROJECT_VERSION = 1;
				DEVELOPMENT_ASSET_PATHS = "\"NodeLightningChallenge/Preview Content\"";
				DEVELOPMENT_TEAM = U82ZBCXKJ2;
				ENABLE_PREVIEWS = YES;
				GENERATE_INFOPLIST_FILE = YES;
				INFOPLIST_KEY_CFBundleDisplayName = "Top 100 Conectivity Nodes";
				INFOPLIST_KEY_UIApplicationSceneManifest_Generation = YES;
				INFOPLIST_KEY_UIApplicationSupportsIndirectInputEvents = YES;
				INFOPLIST_KEY_UILaunchScreen_Generation = YES;
				INFOPLIST_KEY_UISupportedInterfaceOrientations_iPad = "UIInterfaceOrientationPortrait UIInterfaceOrientationPortraitUpsideDown UIInterfaceOrientationLandscapeLeft UIInterfaceOrientationLandscapeRight";
				INFOPLIST_KEY_UISupportedInterfaceOrientations_iPhone = "UIInterfaceOrientationPortrait UIInterfaceOrientationLandscapeLeft UIInterfaceOrientationLandscapeRight";
				IPHONEOS_DEPLOYMENT_TARGET = 16.0;
				LD_RUNPATH_SEARCH_PATHS = (
					"$(inherited)",
					"@executable_path/Frameworks",
				);
				MARKETING_VERSION = 1.0;
				PRODUCT_BUNDLE_IDENTIFIER = com.mpd.NodeLightningChallenge;
				PRODUCT_NAME = "$(TARGET_NAME)";
				SUPPORTED_PLATFORMS = "iphoneos iphonesimulator";
				SUPPORTS_MACCATALYST = NO;
				SUPPORTS_MAC_DESIGNED_FOR_IPHONE_IPAD = NO;
				SUPPORTS_XR_DESIGNED_FOR_IPHONE_IPAD = NO;
				SWIFT_EMIT_LOC_STRINGS = YES;
				SWIFT_VERSION = 5.0;
				TARGETED_DEVICE_FAMILY = 1;
			};
			name = Release;
		};
		95D3386E2C3581C7008DB6D3 /* Debug */ = {
			isa = XCBuildConfiguration;
			buildSettings = {
				BUNDLE_LOADER = "$(TEST_HOST)";
				CODE_SIGN_STYLE = Automatic;
				CURRENT_PROJECT_VERSION = 1;
				DEVELOPMENT_TEAM = U82ZBCXKJ2;
				GENERATE_INFOPLIST_FILE = YES;
				MARKETING_VERSION = 1.0;
				PRODUCT_BUNDLE_IDENTIFIER = com.mpd.NodeLightningChallengeTests;
				PRODUCT_NAME = "$(TARGET_NAME)";
				SWIFT_EMIT_LOC_STRINGS = NO;
				SWIFT_VERSION = 5.0;
				TARGETED_DEVICE_FAMILY = "1,2";
				TEST_HOST = "$(BUILT_PRODUCTS_DIR)/NodeLightningChallenge.app/$(BUNDLE_EXECUTABLE_FOLDER_PATH)/NodeLightningChallenge";
			};
			name = Debug;
		};
		95D3386F2C3581C7008DB6D3 /* Release */ = {
			isa = XCBuildConfiguration;
			buildSettings = {
				BUNDLE_LOADER = "$(TEST_HOST)";
				CODE_SIGN_STYLE = Automatic;
				CURRENT_PROJECT_VERSION = 1;
				DEVELOPMENT_TEAM = U82ZBCXKJ2;
				GENERATE_INFOPLIST_FILE = YES;
				MARKETING_VERSION = 1.0;
				PRODUCT_BUNDLE_IDENTIFIER = com.mpd.NodeLightningChallengeTests;
				PRODUCT_NAME = "$(TARGET_NAME)";
				SWIFT_EMIT_LOC_STRINGS = NO;
				SWIFT_VERSION = 5.0;
				TARGETED_DEVICE_FAMILY = "1,2";
				TEST_HOST = "$(BUILT_PRODUCTS_DIR)/NodeLightningChallenge.app/$(BUNDLE_EXECUTABLE_FOLDER_PATH)/NodeLightningChallenge";
			};
			name = Release;
		};
/* End XCBuildConfiguration section */

/* Begin XCConfigurationList section */
		95414EDB2C3478B700479FB5 /* Build configuration list for PBXProject "NodeLightningChallenge" */ = {
			isa = XCConfigurationList;
			buildConfigurations = (
				95414EEC2C3478B900479FB5 /* Debug */,
				95414EED2C3478B900479FB5 /* Release */,
			);
			defaultConfigurationIsVisible = 0;
			defaultConfigurationName = Release;
		};
		95414EEE2C3478B900479FB5 /* Build configuration list for PBXNativeTarget "NodeLightningChallenge" */ = {
			isa = XCConfigurationList;
			buildConfigurations = (
				95414EEF2C3478B900479FB5 /* Debug */,
				95414EF02C3478B900479FB5 /* Release */,
			);
			defaultConfigurationIsVisible = 0;
			defaultConfigurationName = Release;
		};
		95D3386D2C3581C7008DB6D3 /* Build configuration list for PBXNativeTarget "NodeLightningChallengeTests" */ = {
			isa = XCConfigurationList;
			buildConfigurations = (
				95D3386E2C3581C7008DB6D3 /* Debug */,
				95D3386F2C3581C7008DB6D3 /* Release */,
			);
			defaultConfigurationIsVisible = 0;
			defaultConfigurationName = Release;
		};
/* End XCConfigurationList section */
	};
	rootObject = 95414ED82C3478B700479FB5 /* Project object */;
}
